
Microsoft Visual Studio Solution File, Format Version 12.00
# Visual Studio 15
Project("{FAE04EC0-301F-11D3-BF4B-00C04F79EFBC}") = "Assembly-CSharp", "Assembly-CSharp.csproj", "{CF3EF657-608E-288D-01C9-146C03389DE5}"
EndProject
Project("{FAE04EC0-301F-11D3-BF4B-00C04F79EFBC}") = "Assembly-CSharp-firstpass", "Assembly-CSharp-firstpass.csproj", "{B8340E1A-5C86-C9E5-4784-09EA4FD746AB}"
EndProject
Global
	GlobalSection(SolutionConfigurationPlatforms) = preSolution
		Debug|Any CPU = Debug|Any CPU
		Release|Any CPU = Release|Any CPU
	EndGlobalSection
	GlobalSection(ProjectConfigurationPlatforms) = postSolution
		{CF3EF657-608E-288D-01C9-146C03389DE5}.Debug|Any CPU.ActiveCfg = Debug|Any CPU
		{CF3EF657-608E-288D-01C9-146C03389DE5}.Debug|Any CPU.Build.0 = Debug|Any CPU
		{CF3EF657-608E-288D-01C9-146C03389DE5}.Release|Any CPU.ActiveCfg = Release|Any CPU
		{CF3EF657-608E-288D-01C9-146C03389DE5}.Release|Any CPU.Build.0 = Release|Any CPU
		{B8340E1A-5C86-C9E5-4784-09EA4FD746AB}.Debug|Any CPU.ActiveCfg = Debug|Any CPU
		{B8340E1A-5C86-C9E5-4784-09EA4FD746AB}.Debug|Any CPU.Build.0 = Debug|Any CPU
		{B8340E1A-5C86-C9E5-4784-09EA4FD746AB}.Release|Any CPU.ActiveCfg = Release|Any CPU
		{B8340E1A-5C86-C9E5-4784-09EA4FD746AB}.Release|Any CPU.Build.0 = Release|Any CPU
	EndGlobalSection
	GlobalSection(SolutionProperties) = preSolution
		HideSolutionNode = FALSE
	EndGlobalSection
EndGlobal
